
Microsoft Visual Studio Solution File, Format Version 12.00
# Visual Studio Version 16
VisualStudioVersion = 16.0.30011.22
MinimumVisualStudioVersion = 10.0.40219.1
Project("{9A19103F-16F7-4668-BE54-9A1E7A4F7556}") = "AvoidImplicitBoxingAnalyzer", "Analyzer\AvoidImplicitBoxingAnalyzer.csproj", "{47538CC1-119E-4B87-8AA0-0484D588BF18}"
EndProject
Project("{9A19103F-16F7-4668-BE54-9A1E7A4F7556}") = "Test", "Test\Test.csproj", "{62D57345-06BC-4654-B69F-FFB8B77ADEA3}"
EndProject
Project("{9A19103F-16F7-4668-BE54-9A1E7A4F7556}") = "Deployment", "Vsix\Deployment.csproj", "{C83E7CA1-E769-4CB4-903C-7ED0DAA84987}"
EndProject
Global
	GlobalSection(SolutionConfigurationPlatforms) = preSolution
		Debug|Any CPU = Debug|Any CPU
		Release|Any CPU = Release|Any CPU
	EndGlobalSection
	GlobalSection(ProjectConfigurationPlatforms) = postSolution
		{47538CC1-119E-4B87-8AA0-0484D588BF18}.Debug|Any CPU.ActiveCfg = Debug|Any CPU
		{47538CC1-119E-4B87-8AA0-0484D588BF18}.Debug|Any CPU.Build.0 = Debug|Any CPU
		{47538CC1-119E-4B87-8AA0-0484D588BF18}.Release|Any CPU.ActiveCfg = Release|Any CPU
		{47538CC1-119E-4B87-8AA0-0484D588BF18}.Release|Any CPU.Build.0 = Release|Any CPU
		{62D57345-06BC-4654-B69F-FFB8B77ADEA3}.Debug|Any CPU.ActiveCfg = Debug|Any CPU
		{62D57345-06BC-4654-B69F-FFB8B77ADEA3}.Debug|Any CPU.Build.0 = Debug|Any CPU
		{62D57345-06BC-4654-B69F-FFB8B77ADEA3}.Release|Any CPU.ActiveCfg = Release|Any CPU
		{62D57345-06BC-4654-B69F-FFB8B77ADEA3}.Release|Any CPU.Build.0 = Release|Any CPU
		{C83E7CA1-E769-4CB4-903C-7ED0DAA84987}.Debug|Any CPU.ActiveCfg = Debug|Any CPU
		{C83E7CA1-E769-4CB4-903C-7ED0DAA84987}.Debug|Any CPU.Build.0 = Debug|Any CPU
		{C83E7CA1-E769-4CB4-903C-7ED0DAA84987}.Release|Any CPU.ActiveCfg = Release|Any CPU
		{C83E7CA1-E769-4CB4-903C-7ED0DAA84987}.Release|Any CPU.Build.0 = Release|Any CPU
	EndGlobalSection
	GlobalSection(SolutionProperties) = preSolution
		HideSolutionNode = FALSE
	EndGlobalSection
	GlobalSection(ExtensibilityGlobals) = postSolution
		SolutionGuid = {89529F7B-BB96-4B93-B364-9AE5897505D9}
	EndGlobalSection
EndGlobal
